
Microsoft Visual Studio Solution File, Format Version 12.00
Project("{FAE04EC0-301F-11D3-BF4B-00C04F79EFBC}") = "Hash", "Hash\Hash.csproj", "{7F19A311-B175-4EBD-BA87-A55B3C195BD0}"
EndProject
Global
	GlobalSection(SolutionConfigurationPlatforms) = preSolution
		Debug|Any CPU = Debug|Any CPU
		Release|Any CPU = Release|Any CPU
	EndGlobalSection
	GlobalSection(ProjectConfigurationPlatforms) = postSolution
		{7F19A311-B175-4EBD-BA87-A55B3C195BD0}.Debug|Any CPU.ActiveCfg = Debug|Any CPU
		{7F19A311-B175-4EBD-BA87-A55B3C195BD0}.Debug|Any CPU.Build.0 = Debug|Any CPU
		{7F19A311-B175-4EBD-BA87-A55B3C195BD0}.Release|Any CPU.ActiveCfg = Release|Any CPU
		{7F19A311-B175-4EBD-BA87-A55B3C195BD0}.Release|Any CPU.Build.0 = Release|Any CPU
	EndGlobalSection
EndGlobal
